
Microsoft Visual Studio Solution File, Format Version 12.00
Project("{FAE04EC0-301F-11D3-BF4B-00C04F79EFBC}") = "TeknoMW3MapTool", "TeknoMW3MapTool\TeknoMW3MapTool.csproj", "{D36D2996-322C-46BB-BA27-1C52EC3C1FDD}"
EndProject
Global
	GlobalSection(SolutionConfigurationPlatforms) = preSolution
		Debug|Any CPU = Debug|Any CPU
		Release|Any CPU = Release|Any CPU
	EndGlobalSection
	GlobalSection(ProjectConfigurationPlatforms) = postSolution
		{D36D2996-322C-46BB-BA27-1C52EC3C1FDD}.Debug|Any CPU.ActiveCfg = Debug|Any CPU
		{D36D2996-322C-46BB-BA27-1C52EC3C1FDD}.Debug|Any CPU.Build.0 = Debug|Any CPU
		{D36D2996-322C-46BB-BA27-1C52EC3C1FDD}.Release|Any CPU.ActiveCfg = Release|Any CPU
		{D36D2996-322C-46BB-BA27-1C52EC3C1FDD}.Release|Any CPU.Build.0 = Release|Any CPU
	EndGlobalSection
EndGlobal
